<?xml version="1.0" encoding="utf-8"?>
<Project ToolsVersion="4.0" xmlns="http://schemas.microsoft.com/developer/msbuild/2003">
  <ItemGroup>
    <Filter Include="Header Files">
      <UniqueIdentifier>{708ca819-977d-46f2-bf7b-d0606cafb9d1}</UniqueIdentifier>
    </Filter>
    <Filter Include="Source Files">
      <UniqueIdentifier>{aa7e6fd5-9fcf-4dba-97e1-47d812347f1a}</UniqueIdentifier>
    </Filter>
    <Filter Include="TwinCAT UM Files">
      <UniqueIdentifier>{94fb886f-cf10-4951-b7f0-94c4dc6ba74d}</UniqueIdentifier>
    </Filter>
    <Filter Include="TwinCAT RT Files">
      <UniqueIdentifier>{d2a46480-7371-4f1d-b4e3-3f00decbb59e}</UniqueIdentifier>
    </Filter>
    <Filter Include="TMC Files">
      <UniqueIdentifier>{4d3f3207-cde8-4242-b4fa-3e8ce14fb3e2}</UniqueIdentifier>
    </Filter>
  </ItemGroup>
  <ItemGroup>
    <ClInclude Include="Resource.h">
      <Filter>Header Files</Filter>
    </ClInclude>
    <ClInclude Include="TcPch.h">
      <Filter>Header Files</Filter>
    </ClInclude>
    <ClInclude Include="ADSserverClassFactory.h">
      <Filter>Header Files</Filter>
    </ClInclude>
    <ClInclude Include="ADSserverInterfaces.h">
      <Filter>Header Files</Filter>
    </ClInclude>
    <ClInclude Include="ADSserverServices.h">
      <Filter>Header Files</Filter>
    </ClInclude>
    <ClInclude Include="ADSserverCtrl.h">
      <Filter>TwinCAT UM Files</Filter>
    </ClInclude>
    <ClInclude Include="ADSserverDriver.h">
      <Filter>TwinCAT RT Files</Filter>
    </ClInclude>
    <ClInclude Include="ADS_server_module.h">
      <Filter>Header Files</Filter>
    </ClInclude>
    <ClInclude Include="ADS_server_moduleAds.h">
      <Filter>Header Files</Filter>
    </ClInclude>
    <ClInclude Include="Robot.h" />
    <ClInclude Include="RobotConfig.h" />
    <ClInclude Include="Ikusi_module.h">
      <Filter>Header Files</Filter>
    </ClInclude>
    <ClInclude Include="ikusi.h" />
  </ItemGroup>
  <ItemGroup>
    <ClCompile Include="TcPch.cpp">
      <Filter>Source Files</Filter>
    </ClCompile>
    <ClCompile Include="ADSserverClassFactory.cpp">
      <Filter>Source Files</Filter>
    </ClCompile>
    <ClCompile Include="ADSserverCtrl.cpp">
      <Filter>TwinCAT UM Files</Filter>
    </ClCompile>
    <ClCompile Include="ADSserverW32.cpp">
      <Filter>TwinCAT UM Files</Filter>
    </ClCompile>
    <ClCompile Include="ADSserverDriver.cpp">
      <Filter>TwinCAT RT Files</Filter>
    </ClCompile>
    <ClCompile Include="ADS_server_module.cpp">
      <Filter>Source Files</Filter>
    </ClCompile>
    <ClCompile Include="Robot.cpp" />
    <ClCompile Include="Ikusi_module.cpp">
      <Filter>Source Files</Filter>
    </ClCompile>
    <ClCompile Include="ikusi.cpp" />
  </ItemGroup>
  <ItemGroup>
    <ResourceCompile Include="ADSserver.rc">
      <Filter>Source Files</Filter>
    </ResourceCompile>
  </ItemGroup>
  <ItemGroup>
    <None Include="ADSserverW32.def">
      <Filter>TwinCAT UM Files</Filter>
    </None>
    <None Include="ADSserver.tmc">
      <Filter>TMC Files</Filter>
    </None>
  </ItemGroup>
  <ItemGroup>
    <Midl Include="ADSserverW32.idl">
      <Filter>TwinCAT UM Files</Filter>
    </Midl>
  </ItemGroup>
</Project>